dependencies:
- name: memcached
  repository: https://charts.bitnami.com/bitnami
  version: 6.2.3
- name: redis
  repository: https://charts.bitnami.com/bitnami
  version: 17.2.0
digest: sha256:fa8f1867878a2b6618ea596b60a640ce8a6027dabdd19eacef673ecc84e97a54
generated: "2022-09-23T16:15:51.710020199Z"
