dependencies:
- name: memcached
  repository: https://charts.bitnami.com/bitnami
  version: 6.2.5
- name: redis
  repository: https://charts.bitnami.com/bitnami
  version: 17.1.2
digest: sha256:e65f51c98020862faa5481ec122825b1c2bfae097bd519d928e1e14b3ef3dfd3
generated: "2022-09-21T11:00:42.791070025Z"
